
Microsoft Visual Studio Solution File, Format Version 12.00
# Visual Studio Version 16
VisualStudioVersion = 16.0.30907.101
MinimumVisualStudioVersion = 10.0.40219.1
Project("{FAE04EC0-301F-11D3-BF4B-00C04F79EFBC}") = "TamagotchiClient", "TamagotchiClient\TamagotchiClient.csproj", "{E0E3A96E-8D11-4241-9403-E82A784A1CEF}"
EndProject
Global
	GlobalSection(SolutionConfigurationPlatforms) = preSolution
		Debug|Any CPU = Debug|Any CPU
		Release|Any CPU = Release|Any CPU
	EndGlobalSection
	GlobalSection(ProjectConfigurationPlatforms) = postSolution
		{E0E3A96E-8D11-4241-9403-E82A784A1CEF}.Debug|Any CPU.ActiveCfg = Debug|Any CPU
		{E0E3A96E-8D11-4241-9403-E82A784A1CEF}.Debug|Any CPU.Build.0 = Debug|Any CPU
		{E0E3A96E-8D11-4241-9403-E82A784A1CEF}.Release|Any CPU.ActiveCfg = Release|Any CPU
		{E0E3A96E-8D11-4241-9403-E82A784A1CEF}.Release|Any CPU.Build.0 = Release|Any CPU
	EndGlobalSection
	GlobalSection(SolutionProperties) = preSolution
		HideSolutionNode = FALSE
	EndGlobalSection
	GlobalSection(ExtensibilityGlobals) = postSolution
		SolutionGuid = {ED4D96A0-0218-4D95-973E-F9A742AB0E1F}
	EndGlobalSection
EndGlobal
